
Microsoft Visual Studio Solution File, Format Version 12.00
# Visual Studio Version 17
VisualStudioVersion = 17.5.33530.505
MinimumVisualStudioVersion = 10.0.40219.1
Project("{FAE04EC0-301F-11D3-BF4B-00C04F79EFBC}") = "Primjer1", "Primjer1\Primjer1.csproj", "{FEEC723B-B82F-4E20-900B-9B085E6AFF21}"
EndProject
Global
	GlobalSection(SolutionConfigurationPlatforms) = preSolution
		Debug|Any CPU = Debug|Any CPU
		Release|Any CPU = Release|Any CPU
	EndGlobalSection
	GlobalSection(ProjectConfigurationPlatforms) = postSolution
		{FEEC723B-B82F-4E20-900B-9B085E6AFF21}.Debug|Any CPU.ActiveCfg = Debug|Any CPU
		{FEEC723B-B82F-4E20-900B-9B085E6AFF21}.Debug|Any CPU.Build.0 = Debug|Any CPU
		{FEEC723B-B82F-4E20-900B-9B085E6AFF21}.Release|Any CPU.ActiveCfg = Release|Any CPU
		{FEEC723B-B82F-4E20-900B-9B085E6AFF21}.Release|Any CPU.Build.0 = Release|Any CPU
	EndGlobalSection
	GlobalSection(SolutionProperties) = preSolution
		HideSolutionNode = FALSE
	EndGlobalSection
	GlobalSection(ExtensibilityGlobals) = postSolution
		SolutionGuid = {CB1AA80A-5490-4C6C-B3F9-70FE07285697}
	EndGlobalSection
EndGlobal
