
Microsoft Visual Studio Solution File, Format Version 12.00
# Visual Studio Version 17
VisualStudioVersion = 17.5.33627.172
MinimumVisualStudioVersion = 10.0.40219.1
Project("{FAE04EC0-301F-11D3-BF4B-00C04F79EFBC}") = "WebApi1", "WebApi1\WebApi1.csproj", "{0EF7E5AB-256D-464F-B77E-41622EA0A1F6}"
EndProject
Project("{FAE04EC0-301F-11D3-BF4B-00C04F79EFBC}") = "Services", "Services\Services.csproj", "{A58A033C-DE40-4DE7-BF04-D1BE20582FFA}"
EndProject
Global
	GlobalSection(SolutionConfigurationPlatforms) = preSolution
		Debug|Any CPU = Debug|Any CPU
		Release|Any CPU = Release|Any CPU
	EndGlobalSection
	GlobalSection(ProjectConfigurationPlatforms) = postSolution
		{0EF7E5AB-256D-464F-B77E-41622EA0A1F6}.Debug|Any CPU.ActiveCfg = Debug|Any CPU
		{0EF7E5AB-256D-464F-B77E-41622EA0A1F6}.Debug|Any CPU.Build.0 = Debug|Any CPU
		{0EF7E5AB-256D-464F-B77E-41622EA0A1F6}.Release|Any CPU.ActiveCfg = Release|Any CPU
		{0EF7E5AB-256D-464F-B77E-41622EA0A1F6}.Release|Any CPU.Build.0 = Release|Any CPU
		{A58A033C-DE40-4DE7-BF04-D1BE20582FFA}.Debug|Any CPU.ActiveCfg = Debug|Any CPU
		{A58A033C-DE40-4DE7-BF04-D1BE20582FFA}.Debug|Any CPU.Build.0 = Debug|Any CPU
		{A58A033C-DE40-4DE7-BF04-D1BE20582FFA}.Release|Any CPU.ActiveCfg = Release|Any CPU
		{A58A033C-DE40-4DE7-BF04-D1BE20582FFA}.Release|Any CPU.Build.0 = Release|Any CPU
	EndGlobalSection
	GlobalSection(SolutionProperties) = preSolution
		HideSolutionNode = FALSE
	EndGlobalSection
	GlobalSection(ExtensibilityGlobals) = postSolution
		SolutionGuid = {D6B24085-1425-4EAE-A8B8-B5AE82D16F03}
	EndGlobalSection
EndGlobal
